
Microsoft Visual Studio Solution File, Format Version 12.00
# Visual Studio Version 17
VisualStudioVersion = 17.12.35527.113
MinimumVisualStudioVersion = 10.0.40219.1
Project("{FAE04EC0-301F-11D3-BF4B-00C04F79EFBC}") = "2.4 Iteration 1", "2.4 Iteration 1.csproj", "{D27DCE57-1189-4739-8E76-A453A8582CA7}"
EndProject
Project("{FAE04EC0-301F-11D3-BF4B-00C04F79EFBC}") = "TestProject1", "..\TestProject1\TestProject1.csproj", "{2ECF24C6-11E4-4354-96E1-4B11F68F4537}"
EndProject
Global
	GlobalSection(SolutionConfigurationPlatforms) = preSolution
		Debug|Any CPU = Debug|Any CPU
		Release|Any CPU = Release|Any CPU
	EndGlobalSection
	GlobalSection(ProjectConfigurationPlatforms) = postSolution
		{D27DCE57-1189-4739-8E76-A453A8582CA7}.Debug|Any CPU.ActiveCfg = Debug|Any CPU
		{D27DCE57-1189-4739-8E76-A453A8582CA7}.Debug|Any CPU.Build.0 = Debug|Any CPU
		{D27DCE57-1189-4739-8E76-A453A8582CA7}.Release|Any CPU.ActiveCfg = Release|Any CPU
		{D27DCE57-1189-4739-8E76-A453A8582CA7}.Release|Any CPU.Build.0 = Release|Any CPU
		{2ECF24C6-11E4-4354-96E1-4B11F68F4537}.Debug|Any CPU.ActiveCfg = Debug|Any CPU
		{2ECF24C6-11E4-4354-96E1-4B11F68F4537}.Debug|Any CPU.Build.0 = Debug|Any CPU
		{2ECF24C6-11E4-4354-96E1-4B11F68F4537}.Release|Any CPU.ActiveCfg = Release|Any CPU
		{2ECF24C6-11E4-4354-96E1-4B11F68F4537}.Release|Any CPU.Build.0 = Release|Any CPU
	EndGlobalSection
	GlobalSection(SolutionProperties) = preSolution
		HideSolutionNode = FALSE
	EndGlobalSection
EndGlobal
