
Microsoft Visual Studio Solution File, Format Version 12.00
# Visual Studio Version 17
VisualStudioVersion = 17.12.35527.113
MinimumVisualStudioVersion = 10.0.40219.1
Project("{FAE04EC0-301F-11D3-BF4B-00C04F79EFBC}") = "Iterations", "Iterations.csproj", "{A8BB9EAB-696B-4B40-9D6B-E90E09BC6A63}"
EndProject
Project("{FAE04EC0-301F-11D3-BF4B-00C04F79EFBC}") = "TestIteration", "..\TestIteration\TestIteration.csproj", "{99DD6061-891C-48AE-8AE9-1D2691FF9A44}"
EndProject
Global
	GlobalSection(SolutionConfigurationPlatforms) = preSolution
		Debug|Any CPU = Debug|Any CPU
		Release|Any CPU = Release|Any CPU
	EndGlobalSection
	GlobalSection(ProjectConfigurationPlatforms) = postSolution
		{A8BB9EAB-696B-4B40-9D6B-E90E09BC6A63}.Debug|Any CPU.ActiveCfg = Debug|Any CPU
		{A8BB9EAB-696B-4B40-9D6B-E90E09BC6A63}.Debug|Any CPU.Build.0 = Debug|Any CPU
		{A8BB9EAB-696B-4B40-9D6B-E90E09BC6A63}.Release|Any CPU.ActiveCfg = Release|Any CPU
		{A8BB9EAB-696B-4B40-9D6B-E90E09BC6A63}.Release|Any CPU.Build.0 = Release|Any CPU
		{99DD6061-891C-48AE-8AE9-1D2691FF9A44}.Debug|Any CPU.ActiveCfg = Debug|Any CPU
		{99DD6061-891C-48AE-8AE9-1D2691FF9A44}.Debug|Any CPU.Build.0 = Debug|Any CPU
		{99DD6061-891C-48AE-8AE9-1D2691FF9A44}.Release|Any CPU.ActiveCfg = Release|Any CPU
		{99DD6061-891C-48AE-8AE9-1D2691FF9A44}.Release|Any CPU.Build.0 = Release|Any CPU
	EndGlobalSection
	GlobalSection(SolutionProperties) = preSolution
		HideSolutionNode = FALSE
	EndGlobalSection
EndGlobal
